
Microsoft Visual Studio Solution File, Format Version 12.00
# Visual Studio Version 17
VisualStudioVersion = 17.14.36616.10 d17.14
MinimumVisualStudioVersion = 10.0.40219.1
Project("{FAE04EC0-301F-11D3-BF4B-00C04F79EFBC}") = "API", "test\API.csproj", "{933767B3-4122-4D5B-8C29-C0590B8E594A}"
EndProject
Project("{FAE04EC0-301F-11D3-BF4B-00C04F79EFBC}") = "Model", "Model\Model.csproj", "{D3CACBEE-CF3D-4C2A-8C5D-4705E49F4F04}"
EndProject
Project("{FAE04EC0-301F-11D3-BF4B-00C04F79EFBC}") = "DAL", "DAL\DAL.csproj", "{D9A3A517-5252-45D5-A757-3DDB54392D0C}"
EndProject
Project("{FAE04EC0-301F-11D3-BF4B-00C04F79EFBC}") = "BLL", "BLL\BLL.csproj", "{E747C9CB-DAB5-449C-99A6-01210A940DCF}"
EndProject
Global
	GlobalSection(SolutionConfigurationPlatforms) = preSolution
		Debug|Any CPU = Debug|Any CPU
		Release|Any CPU = Release|Any CPU
	EndGlobalSection
	GlobalSection(ProjectConfigurationPlatforms) = postSolution
		{933767B3-4122-4D5B-8C29-C0590B8E594A}.Debug|Any CPU.ActiveCfg = Debug|Any CPU
		{933767B3-4122-4D5B-8C29-C0590B8E594A}.Debug|Any CPU.Build.0 = Debug|Any CPU
		{933767B3-4122-4D5B-8C29-C0590B8E594A}.Release|Any CPU.ActiveCfg = Release|Any CPU
		{933767B3-4122-4D5B-8C29-C0590B8E594A}.Release|Any CPU.Build.0 = Release|Any CPU
		{D3CACBEE-CF3D-4C2A-8C5D-4705E49F4F04}.Debug|Any CPU.ActiveCfg = Debug|Any CPU
		{D3CACBEE-CF3D-4C2A-8C5D-4705E49F4F04}.Debug|Any CPU.Build.0 = Debug|Any CPU
		{D3CACBEE-CF3D-4C2A-8C5D-4705E49F4F04}.Release|Any CPU.ActiveCfg = Release|Any CPU
		{D3CACBEE-CF3D-4C2A-8C5D-4705E49F4F04}.Release|Any CPU.Build.0 = Release|Any CPU
		{D9A3A517-5252-45D5-A757-3DDB54392D0C}.Debug|Any CPU.ActiveCfg = Debug|Any CPU
		{D9A3A517-5252-45D5-A757-3DDB54392D0C}.Debug|Any CPU.Build.0 = Debug|Any CPU
		{D9A3A517-5252-45D5-A757-3DDB54392D0C}.Release|Any CPU.ActiveCfg = Release|Any CPU
		{D9A3A517-5252-45D5-A757-3DDB54392D0C}.Release|Any CPU.Build.0 = Release|Any CPU
		{E747C9CB-DAB5-449C-99A6-01210A940DCF}.Debug|Any CPU.ActiveCfg = Debug|Any CPU
		{E747C9CB-DAB5-449C-99A6-01210A940DCF}.Debug|Any CPU.Build.0 = Debug|Any CPU
		{E747C9CB-DAB5-449C-99A6-01210A940DCF}.Release|Any CPU.ActiveCfg = Release|Any CPU
		{E747C9CB-DAB5-449C-99A6-01210A940DCF}.Release|Any CPU.Build.0 = Release|Any CPU
	EndGlobalSection
	GlobalSection(SolutionProperties) = preSolution
		HideSolutionNode = FALSE
	EndGlobalSection
	GlobalSection(ExtensibilityGlobals) = postSolution
		SolutionGuid = {BD262066-9683-4898-A99B-351C71EE4FA7}
	EndGlobalSection
EndGlobal
